
Microsoft Visual Studio Solution File, Format Version 12.00
# Visual Studio Version 18
VisualStudioVersion = 18.1.11312.151 d18.0
MinimumVisualStudioVersion = 10.0.40219.1
Project("{8BC9CEB8-8B4A-11D0-8D11-00A0C91BC942}") = "FYUI", "FYUI\FYUI.vcxproj", "{C2487F4C-04B6-4C15-8ECA-39811895CFFB}"
EndProject
Global
	GlobalSection(SolutionConfigurationPlatforms) = preSolution
		Debug|x64 = Debug|x64
		Debug|x86 = Debug|x86
		Release|x64 = Release|x64
		Release|x86 = Release|x86
	EndGlobalSection
	GlobalSection(ProjectConfigurationPlatforms) = postSolution
		{C2487F4C-04B6-4C15-8ECA-39811895CFFB}.Debug|x64.ActiveCfg = Debug|x64
		{C2487F4C-04B6-4C15-8ECA-39811895CFFB}.Debug|x64.Build.0 = Debug|x64
		{C2487F4C-04B6-4C15-8ECA-39811895CFFB}.Debug|x86.ActiveCfg = Debug|Win32
		{C2487F4C-04B6-4C15-8ECA-39811895CFFB}.Debug|x86.Build.0 = Debug|Win32
		{C2487F4C-04B6-4C15-8ECA-39811895CFFB}.Release|x64.ActiveCfg = Release|x64
		{C2487F4C-04B6-4C15-8ECA-39811895CFFB}.Release|x64.Build.0 = Release|x64
		{C2487F4C-04B6-4C15-8ECA-39811895CFFB}.Release|x86.ActiveCfg = Release|Win32
		{C2487F4C-04B6-4C15-8ECA-39811895CFFB}.Release|x86.Build.0 = Release|Win32
	EndGlobalSection
	GlobalSection(SolutionProperties) = preSolution
		HideSolutionNode = FALSE
	EndGlobalSection
	GlobalSection(ExtensibilityGlobals) = postSolution
		SolutionGuid = {92FD9983-A6B3-4269-8547-FA94CBE8D703}
	EndGlobalSection
EndGlobal
